// !$*UTF8*$!
{
	archiveVersion = 1;
	classes = {
	};
	objectVersion = 46;
	objects = {

/* Begin PBXBuildFile section */
		0F8806AB1DF5B324000B671F /* AppDelegate.swift in Sources */ = {isa = PBXBuildFile; fileRef = 0F8806AA1DF5B324000B671F /* AppDelegate.swift */; };
		0F8806AD1DF5B324000B671F /* ViewController.swift in Sources */ = {isa = PBXBuildFile; fileRef = 0F8806AC1DF5B324000B671F /* ViewController.swift */; };
		0F8806B01DF5B324000B671F /* Main.storyboard in Resources */ = {isa = PBXBuildFile; fileRef = 0F8806AE1DF5B324000B671F /* Main.storyboard */; };
		0F8806B21DF5B324000B671F /* Assets.xcassets in Resources */ = {isa = PBXBuildFile; fileRef = 0F8806B11DF5B324000B671F /* Assets.xcassets */; };
		0F8806B51DF5B324000B671F /* LaunchScreen.storyboard in Resources */ = {isa = PBXBuildFile; fileRef = 0F8806B31DF5B324000B671F /* LaunchScreen.storyboard */; };
		0F8806C01DF5B324000B671F /* STWaterfallLayoutExampleUITests.swift in Sources */ = {isa = PBXBuildFile; fileRef = 0F8806BF1DF5B324000B671F /* STWaterfallLayoutExampleUITests.swift */; };
/* End PBXBuildFile section */

/* Begin PBXContainerItemProxy section */
		0F8806BC1DF5B324000B671F /* PBXContainerItemProxy */ = {
			isa = PBXContainerItemProxy;
			containerPortal = 0F88069F1DF5B324000B671F /* Project object */;
			proxyType = 1;
			remoteGlobalIDString = 0F8806A61DF5B324000B671F;
			remoteInfo = STWaterfallLayoutExample;
		};
/* End PBXContainerItemProxy section */

/* Begin PBXFileReference section */
		0F8806A71DF5B324000B671F /* STWaterfallLayoutExample.app */ = {isa = PBXFileReference; explicitFileType = wrapper.application; includeInIndex = 0; path = STWaterfallLayoutExample.app; sourceTree = BUILT_PRODUCTS_DIR; };
		0F8806AA1DF5B324000B671F /* AppDelegate.swift */ = {isa = PBXFileReference; lastKnownFileType = sourcecode.swift; path = AppDelegate.swift; sourceTree = "<group>"; };
		0F8806AC1DF5B324000B671F /* ViewController.swift */ = {isa = PBXFileReference; lastKnownFileType = sourcecode.swift; path = ViewController.swift; sourceTree = "<group>"; };
		0F8806AF1DF5B324000B671F /* Base */ = {isa = PBXFileReference; lastKnownFileType = file.storyboard; name = Base; path = Base.lproj/Main.storyboard; sourceTree = "<group>"; };
		0F8806B11DF5B324000B671F /* Assets.xcassets */ = {isa = PBXFileReference; lastKnownFileType = folder.assetcatalog; path = Assets.xcassets; sourceTree = "<group>"; };
		0F8806B41DF5B324000B671F /* Base */ = {isa = PBXFileReference; lastKnownFileType = file.storyboard; name = Base; path = Base.lproj/LaunchScreen.storyboard; sourceTree = "<group>"; };
		0F8806B61DF5B324000B671F /* Info.plist */ = {isa = PBXFileReference; lastKnownFileType = text.plist.xml; path = Info.plist; sourceTree = "<group>"; };
		0F8806BB1DF5B324000B671F /* STWaterfallLayoutExampleUITests.xctest */ = {isa = PBXFileReference; explicitFileType = wrapper.cfbundle; includeInIndex = 0; path = STWaterfallLayoutExampleUITests.xctest; sourceTree = BUILT_PRODUCTS_DIR; };
		0F8806BF1DF5B324000B671F /* STWaterfallLayoutExampleUITests.swift */ = {isa = PBXFileReference; lastKnownFileType = sourcecode.swift; path = STWaterfallLayoutExampleUITests.swift; sourceTree = "<group>"; };
		0F8806C11DF5B324000B671F /* Info.plist */ = {isa = PBXFileReference; lastKnownFileType = text.plist.xml; path = Info.plist; sourceTree = "<group>"; };
/* End PBXFileReference section */

/* Begin PBXFrameworksBuildPhase section */
		0F8806A41DF5B324000B671F /* Frameworks */ = {
			isa = PBXFrameworksBuildPhase;
			buildActionMask = 2147483647;
			files = (
			);
			runOnlyForDeploymentPostprocessing = 0;
		};
		0F8806B81DF5B324000B671F /* Frameworks */ = {
			isa = PBXFrameworksBuildPhase;
			buildActionMask = 2147483647;
			files = (
			);
			runOnlyForDeploymentPostprocessing = 0;
		};
/* End PBXFrameworksBuildPhase section */

/* Begin PBXGroup section */
		0F88069E1DF5B324000B671F = {
			isa = PBXGroup;
			children = (
				0F8806A91DF5B324000B671F /* STWaterfallLayoutExample */,
				0F8806BE1DF5B324000B671F /* STWaterfallLayoutExampleUITests */,
				0F8806A81DF5B324000B671F /* Products */,
			);
			sourceTree = "<group>";
		};
		0F8806A81DF5B324000B671F /* Products */ = {
			isa = PBXGroup;
			children = (
				0F8806A71DF5B324000B671F /* STWaterfallLayoutExample.app */,
				0F8806BB1DF5B324000B671F /* STWaterfallLayoutExampleUITests.xctest */,
			);
			name = Products;
			sourceTree = "<group>";
		};
		0F8806A91DF5B324000B671F /* STWaterfallLayoutExample */ = {
			isa = PBXGroup;
			children = (
				0F8806AA1DF5B324000B671F /* AppDelegate.swift */,
				0F8806AC1DF5B324000B671F /* ViewController.swift */,
				0F8806AE1DF5B324000B671F /* Main.storyboard */,
				0F8806B11DF5B324000B671F /* Assets.xcassets */,
				0F8806B31DF5B324000B671F /* LaunchScreen.storyboard */,
				0F8806B61DF5B324000B671F /* Info.plist */,
			);
			path = STWaterfallLayoutExample;
			sourceTree = "<group>";
		};
		0F8806BE1DF5B324000B671F /* STWaterfallLayoutExampleUITests */ = {
			isa = PBXGroup;
			children = (
				0F8806BF1DF5B324000B671F /* STWaterfallLayoutExampleUITests.swift */,
				0F8806C11DF5B324000B671F /* Info.plist */,
			);
			path = STWaterfallLayoutExampleUITests;
			sourceTree = "<group>";
		};
/* End PBXGroup section */

/* Begin PBXNativeTarget section */
		0F8806A61DF5B324000B671F /* STWaterfallLayoutExample */ = {
			isa = PBXNativeTarget;
			buildConfigurationList = 0F8806C41DF5B324000B671F /* Build configuration list for PBXNativeTarget "STWaterfallLayoutExample" */;
			buildPhases = (
				0F8806A31DF5B324000B671F /* Sources */,
				0F8806A41DF5B324000B671F /* Frameworks */,
				0F8806A51DF5B324000B671F /* Resources */,
			);
			buildRules = (
			);
			dependencies = (
			);
			name = STWaterfallLayoutExample;
			productName = STWaterfallLayoutExample;
			productReference = 0F8806A71DF5B324000B671F /* STWaterfallLayoutExample.app */;
			productType = "com.apple.product-type.application";
		};
		0F8806BA1DF5B324000B671F /* STWaterfallLayoutExampleUITests */ = {
			isa = PBXNativeTarget;
			buildConfigurationList = 0F8806C71DF5B324000B671F /* Build configuration list for PBXNativeTarget "STWaterfallLayoutExampleUITests" */;
			buildPhases = (
				0F8806B71DF5B324000B671F /* Sources */,
				0F8806B81DF5B324000B671F /* Frameworks */,
				0F8806B91DF5B324000B671F /* Resources */,
			);
			buildRules = (
			);
			dependencies = (
				0F8806BD1DF5B324000B671F /* PBXTargetDependency */,
			);
			name = STWaterfallLayoutExampleUITests;
			productName = STWaterfallLayoutExampleUITests;
			productReference = 0F8806BB1DF5B324000B671F /* STWaterfallLayoutExampleUITests.xctest */;
			productType = "com.apple.product-type.bundle.ui-testing";
		};
/* End PBXNativeTarget section */

/* Begin PBXProject section */
		0F88069F1DF5B324000B671F /* Project object */ = {
			isa = PBXProject;
			attributes = {
				LastSwiftUpdateCheck = 0810;
				LastUpgradeCheck = 0810;
				ORGANIZATIONNAME = CoderST;
				TargetAttributes = {
					0F8806A61DF5B324000B671F = {
						CreatedOnToolsVersion = 8.1;
						ProvisioningStyle = Automatic;
					};
					0F8806BA1DF5B324000B671F = {
						CreatedOnToolsVersion = 8.1;
						ProvisioningStyle = Automatic;
						TestTargetID = 0F8806A61DF5B324000B671F;
					};
				};
			};
			buildConfigurationList = 0F8806A21DF5B324000B671F /* Build configuration list for PBXProject "STWaterfallLayoutExample" */;
			compatibilityVersion = "Xcode 3.2";
			developmentRegion = English;
			hasScannedForEncodings = 0;
			knownRegions = (
				en,
				Base,
			);
			mainGroup = 0F88069E1DF5B324000B671F;
			productRefGroup = 0F8806A81DF5B324000B671F /* Products */;
			projectDirPath = "";
			projectRoot = "";
			targets = (
				0F8806A61DF5B324000B671F /* STWaterfallLayoutExample */,
				0F8806BA1DF5B324000B671F /* STWaterfallLayoutExampleUITests */,
			);
		};
/* End PBXProject section */

/* Begin PBXResourcesBuildPhase section */
		0F8806A51DF5B324000B671F /* Resources */ = {
			isa = PBXResourcesBuildPhase;
			buildActionMask = 2147483647;
			files = (
				0F8806B51DF5B324000B671F /* LaunchScreen.storyboard in Resources */,
				0F8806B21DF5B324000B671F /* Assets.xcassets in Resources */,
				0F8806B01DF5B324000B671F /* Main.storyboard in Resources */,
			);
			runOnlyForDeploymentPostprocessing = 0;
		};
		0F8806B91DF5B324000B671F /* Resources */ = {
			isa = PBXResourcesBuildPhase;
			buildActionMask = 2147483647;
			files = (
			);
			runOnlyForDeploymentPostprocessing = 0;
		};
/* End PBXResourcesBuildPhase section */

/* Begin PBXSourcesBuildPhase section */
		0F8806A31DF5B324000B671F /* Sources */ = {
			isa = PBXSourcesBuildPhase;
			buildActionMask = 2147483647;
			files = (
				0F8806AD1DF5B324000B671F /* ViewController.swift in Sources */,
				0F8806AB1DF5B324000B671F /* AppDelegate.swift in Sources */,
			);
			runOnlyForDeploymentPostprocessing = 0;
		};
		0F8806B71DF5B324000B671F /* Sources */ = {
			isa = PBXSourcesBuildPhase;
			buildActionMask = 2147483647;
			files = (
				0F8806C01DF5B324000B671F /* STWaterfallLayoutExampleUITests.swift in Sources */,
			);
			runOnlyForDeploymentPostprocessing = 0;
		};
/* End PBXSourcesBuildPhase section */

/* Begin PBXTargetDependency section */
		0F8806BD1DF5B324000B671F /* PBXTargetDependency */ = {
			isa = PBXTargetDependency;
			target = 0F8806A61DF5B324000B671F /* STWaterfallLayoutExample */;
			targetProxy = 0F8806BC1DF5B324000B671F /* PBXContainerItemProxy */;
		};
/* End PBXTargetDependency section */

/* Begin PBXVariantGroup section */
		0F8806AE1DF5B324000B671F /* Main.storyboard */ = {
			isa = PBXVariantGroup;
			children = (
				0F8806AF1DF5B324000B671F /* Base */,
			);
			name = Main.storyboard;
			sourceTree = "<group>";
		};
		0F8806B31DF5B324000B671F /* LaunchScreen.storyboard */ = {
			isa = PBXVariantGroup;
			children = (
				0F8806B41DF5B324000B671F /* Base */,
			);
			name = LaunchScreen.storyboard;
			sourceTree = "<group>";
		};
/* End PBXVariantGroup section */

/* Begin XCBuildConfiguration section */
		0F8806C21DF5B324000B671F /* Debug */ = {
			isa = XCBuildConfiguration;
			buildSettings = {
				ALWAYS_SEARCH_USER_PATHS = NO;
				CLANG_ANALYZER_NONNULL = YES;
				CLANG_CXX_LANGUAGE_STANDARD = "gnu++0x";
				CLANG_CXX_LIBRARY = "libc++";
				CLANG_ENABLE_MODULES = YES;
				CLANG_ENABLE_OBJC_ARC = YES;
				CLANG_WARN_BOOL_CONVERSION = YES;
				CLANG_WARN_CONSTANT_CONVERSION = YES;
				CLANG_WARN_DIRECT_OBJC_ISA_USAGE = YES_ERROR;
				CLANG_WARN_DOCUMENTATION_COMMENTS = YES;
				CLANG_WARN_EMPTY_BODY = YES;
				CLANG_WARN_ENUM_CONVERSION = YES;
				CLANG_WARN_INFINITE_RECURSION = YES;
				CLANG_WARN_INT_CONVERSION = YES;
				CLANG_WARN_OBJC_ROOT_CLASS = YES_ERROR;
				CLANG_WARN_SUSPICIOUS_MOVES = YES;
				CLANG_WARN_UNREACHABLE_CODE = YES;
				CLANG_WARN__DUPLICATE_METHOD_MATCH = YES;
				"CODE_SIGN_IDENTITY[sdk=iphoneos*]" = "iPhone Developer";
				COPY_PHASE_STRIP = NO;
				DEBUG_INFORMATION_FORMAT = dwarf;
				ENABLE_STRICT_OBJC_MSGSEND = YES;
				ENABLE_TESTABILITY = YES;
				GCC_C_LANGUAGE_STANDARD = gnu99;
				GCC_DYNAMIC_NO_PIC = NO;
				GCC_NO_COMMON_BLOCKS = YES;
				GCC_OPTIMIZATION_LEVEL = 0;
				GCC_PREPROCESSOR_DEFINITIONS = (
					"DEBUG=1",
					"$(inherited)",
				);
				GCC_WARN_64_TO_32_BIT_CONVERSION = YES;
				GCC_WARN_ABOUT_RETURN_TYPE = YES_ERROR;
				GCC_WARN_UNDECLARED_SELECTOR = YES;
				GCC_WARN_UNINITIALIZED_AUTOS = YES_AGGRESSIVE;
				GCC_WARN_UNUSED_FUNCTION = YES;
				GCC_WARN_UNUSED_VARIABLE = YES;
				IPHONEOS_DEPLOYMENT_TARGET = 10.1;
				MTL_ENABLE_DEBUG_INFO = YES;
				ONLY_ACTIVE_ARCH = YES;
				SDKROOT = iphoneos;
				SWIFT_ACTIVE_COMPILATION_CONDITIONS = DEBUG;
				SWIFT_OPTIMIZATION_LEVEL = "-Onone";
			};
			name = Debug;
		};
		0F8806C31DF5B324000B671F /* Release */ = {
			isa = XCBuildConfiguration;
			buildSettings = {
				ALWAYS_SEARCH_USER_PATHS = NO;
				CLANG_ANALYZER_NONNULL = YES;
				CLANG_CXX_LANGUAGE_STANDARD = "gnu++0x";
				CLANG_CXX_LIBRARY = "libc++";
				CLANG_ENABLE_MODULES = YES;
				CLANG_ENABLE_OBJC_ARC = YES;
				CLANG_WARN_BOOL_CONVERSION = YES;
				CLANG_WARN_CONSTANT_CONVERSION = YES;
				CLANG_WARN_DIRECT_OBJC_ISA_USAGE = YES_ERROR;
				CLANG_WARN_DOCUMENTATION_COMMENTS = YES;
				CLANG_WARN_EMPTY_BODY = YES;
				CLANG_WARN_ENUM_CONVERSION = YES;
				CLANG_WARN_INFINITE_RECURSION = YES;
				CLANG_WARN_INT_CONVERSION = YES;
				CLANG_WARN_OBJC_ROOT_CLASS = YES_ERROR;
				CLANG_WARN_SUSPICIOUS_MOVES = YES;
				CLANG_WARN_UNREACHABLE_CODE = YES;
				CLANG_WARN__DUPLICATE_METHOD_MATCH = YES;
				"CODE_SIGN_IDENTITY[sdk=iphoneos*]" = "iPhone Developer";
				COPY_PHASE_STRIP = NO;
				DEBUG_INFORMATION_FORMAT = "dwarf-with-dsym";
				ENABLE_NS_ASSERTIONS = NO;
				ENABLE_STRICT_OBJC_MSGSEND = YES;
				GCC_C_LANGUAGE_STANDARD = gnu99;
				GCC_NO_COMMON_BLOCKS = YES;
				GCC_WARN_64_TO_32_BIT_CONVERSION = YES;
				GCC_WARN_ABOUT_RETURN_TYPE = YES_ERROR;
				GCC_WARN_UNDECLARED_SELECTOR = YES;
				GCC_WARN_UNINITIALIZED_AUTOS = YES_AGGRESSIVE;
				GCC_WARN_UNUSED_FUNCTION = YES;
				GCC_WARN_UNUSED_VARIABLE = YES;
				IPHONEOS_DEPLOYMENT_TARGET = 10.1;
				MTL_ENABLE_DEBUG_INFO = NO;
				SDKROOT = iphoneos;
				SWIFT_OPTIMIZATION_LEVEL = "-Owholemodule";
				VALIDATE_PRODUCT = YES;
			};
			name = Release;
		};
		0F8806C51DF5B324000B671F /* Debug */ = {
			isa = XCBuildConfiguration;
			buildSettings = {
				ASSETCATALOG_COMPILER_APPICON_NAME = AppIcon;
				INFOPLIST_FILE = STWaterfallLayoutExample/Info.plist;
				IPHONEOS_DEPLOYMENT_TARGET = 9.0;
				LD_RUNPATH_SEARCH_PATHS = "$(inherited) @executable_path/Frameworks";
				PRODUCT_BUNDLE_IDENTIFIER = com.xiudou.STWaterfallLayoutExample;
				PRODUCT_NAME = "$(TARGET_NAME)";
				SWIFT_VERSION = 3.0;
			};
			name = Debug;
		};
		0F8806C61DF5B324000B671F /* Release */ = {
			isa = XCBuildConfiguration;
			buildSettings = {
				ASSETCATALOG_COMPILER_APPICON_NAME = AppIcon;
				INFOPLIST_FILE = STWaterfallLayoutExample/Info.plist;
				IPHONEOS_DEPLOYMENT_TARGET = 9.0;
				LD_RUNPATH_SEARCH_PATHS = "$(inherited) @executable_path/Frameworks";
				PRODUCT_BUNDLE_IDENTIFIER = com.xiudou.STWaterfallLayoutExample;
				PRODUCT_NAME = "$(TARGET_NAME)";
				SWIFT_VERSION = 3.0;
			};
			name = Release;
		};
		0F8806C81DF5B324000B671F /* Debug */ = {
			isa = XCBuildConfiguration;
			buildSettings = {
				ALWAYS_EMBED_SWIFT_STANDARD_LIBRARIES = YES;
				INFOPLIST_FILE = STWaterfallLayoutExampleUITests/Info.plist;
				LD_RUNPATH_SEARCH_PATHS = "$(inherited) @executable_path/Frameworks @loader_path/Frameworks";
				PRODUCT_BUNDLE_IDENTIFIER = com.xiudou.STWaterfallLayoutExampleUITests;
				PRODUCT_NAME = "$(TARGET_NAME)";
				SWIFT_VERSION = 3.0;
				TEST_TARGET_NAME = STWaterfallLayoutExample;
			};
			name = Debug;
		};
		0F8806C91DF5B324000B671F /* Release */ = {
			isa = XCBuildConfiguration;
			buildSettings = {
				ALWAYS_EMBED_SWIFT_STANDARD_LIBRARIES = YES;
				INFOPLIST_FILE = STWaterfallLayoutExampleUITests/Info.plist;
				LD_RUNPATH_SEARCH_PATHS = "$(inherited) @executable_path/Frameworks @loader_path/Frameworks";
				PRODUCT_BUNDLE_IDENTIFIER = com.xiudou.STWaterfallLayoutExampleUITests;
				PRODUCT_NAME = "$(TARGET_NAME)";
				SWIFT_VERSION = 3.0;
				TEST_TARGET_NAME = STWaterfallLayoutExample;
			};
			name = Release;
		};
/* End XCBuildConfiguration section */

/* Begin XCConfigurationList section */
		0F8806A21DF5B324000B671F /* Build configuration list for PBXProject "STWaterfallLayoutExample" */ = {
			isa = XCConfigurationList;
			buildConfigurations = (
				0F8806C21DF5B324000B671F /* Debug */,
				0F8806C31DF5B324000B671F /* Release */,
			);
			defaultConfigurationIsVisible = 0;
			defaultConfigurationName = Release;
		};
		0F8806C41DF5B324000B671F /* Build configuration list for PBXNativeTarget "STWaterfallLayoutExample" */ = {
			isa = XCConfigurationList;
			buildConfigurations = (
				0F8806C51DF5B324000B671F /* Debug */,
				0F8806C61DF5B324000B671F /* Release */,
			);
			defaultConfigurationIsVisible = 0;
		};
		0F8806C71DF5B324000B671F /* Build configuration list for PBXNativeTarget "STWaterfallLayoutExampleUITests" */ = {
			isa = XCConfigurationList;
			buildConfigurations = (
				0F8806C81DF5B324000B671F /* Debug */,
				0F8806C91DF5B324000B671F /* Release */,
			);
			defaultConfigurationIsVisible = 0;
		};
/* End XCConfigurationList section */
	};
	rootObject = 0F88069F1DF5B324000B671F /* Project object */;
}
